
Microsoft Visual Studio Solution File, Format Version 12.00
# Visual Studio 15
VisualStudioVersion = 15.0.27703.2000
MinimumVisualStudioVersion = 10.0.40219.1
Project("{8BC9CEB8-8B4A-11D0-8D11-00A0C91BC942}") = "5 Longest Palindromic Substring", "5 Longest Palindromic Substring.vcxproj", "{B88EBA4C-C159-4A2A-AC84-05AD55CDE62F}"
EndProject
Global
	GlobalSection(SolutionConfigurationPlatforms) = preSolution
		Debug|x64 = Debug|x64
		Debug|x86 = Debug|x86
		Release|x64 = Release|x64
		Release|x86 = Release|x86
	EndGlobalSection
	GlobalSection(ProjectConfigurationPlatforms) = postSolution
		{B88EBA4C-C159-4A2A-AC84-05AD55CDE62F}.Debug|x64.ActiveCfg = Debug|x64
		{B88EBA4C-C159-4A2A-AC84-05AD55CDE62F}.Debug|x64.Build.0 = Debug|x64
		{B88EBA4C-C159-4A2A-AC84-05AD55CDE62F}.Debug|x86.ActiveCfg = Debug|Win32
		{B88EBA4C-C159-4A2A-AC84-05AD55CDE62F}.Debug|x86.Build.0 = Debug|Win32
		{B88EBA4C-C159-4A2A-AC84-05AD55CDE62F}.Release|x64.ActiveCfg = Release|x64
		{B88EBA4C-C159-4A2A-AC84-05AD55CDE62F}.Release|x64.Build.0 = Release|x64
		{B88EBA4C-C159-4A2A-AC84-05AD55CDE62F}.Release|x86.ActiveCfg = Release|Win32
		{B88EBA4C-C159-4A2A-AC84-05AD55CDE62F}.Release|x86.Build.0 = Release|Win32
	EndGlobalSection
	GlobalSection(SolutionProperties) = preSolution
		HideSolutionNode = FALSE
	EndGlobalSection
	GlobalSection(ExtensibilityGlobals) = postSolution
		SolutionGuid = {8AF179C1-8BA9-4784-A6DD-33CD08A984C6}
	EndGlobalSection
EndGlobal
